
Microsoft Visual Studio Solution File, Format Version 12.00
# Visual Studio Version 17
VisualStudioVersion = 17.4.33205.214
MinimumVisualStudioVersion = 10.0.40219.1
Project("{FAE04EC0-301F-11D3-BF4B-00C04F79EFBC}") = "CS_Basic.Telegram_Bot", "CS_Basic.Telegram_Bot\CS_Basic.Telegram_Bot.csproj", "{12DD5DE7-FF84-4BBA-926D-3775BD8C4E08}"
EndProject
Global
	GlobalSection(SolutionConfigurationPlatforms) = preSolution
		Debug|Any CPU = Debug|Any CPU
		Release|Any CPU = Release|Any CPU
	EndGlobalSection
	GlobalSection(ProjectConfigurationPlatforms) = postSolution
		{12DD5DE7-FF84-4BBA-926D-3775BD8C4E08}.Debug|Any CPU.ActiveCfg = Debug|Any CPU
		{12DD5DE7-FF84-4BBA-926D-3775BD8C4E08}.Debug|Any CPU.Build.0 = Debug|Any CPU
		{12DD5DE7-FF84-4BBA-926D-3775BD8C4E08}.Release|Any CPU.ActiveCfg = Release|Any CPU
		{12DD5DE7-FF84-4BBA-926D-3775BD8C4E08}.Release|Any CPU.Build.0 = Release|Any CPU
	EndGlobalSection
	GlobalSection(SolutionProperties) = preSolution
		HideSolutionNode = FALSE
	EndGlobalSection
	GlobalSection(ExtensibilityGlobals) = postSolution
		SolutionGuid = {799C8C85-12D4-4F71-84F0-4F82EB672FF0}
	EndGlobalSection
EndGlobal
